
Microsoft Visual Studio Solution File, Format Version 10.00
# Visual C++ Express 2008
Project("{8BC9CEB8-8B4A-11D0-8D11-00A0C91BC942}") = "libpixman", "libpixman.vcproj", "{C2AB1D04-59C0-44E9-8854-5A65662EE561}"
EndProject
Global
	GlobalSection(SolutionConfigurationPlatforms) = preSolution
		Debug|Win32 = Debug|Win32
		Release|Win32 = Release|Win32
		ReleaseWdkCrt|Win32 = ReleaseWdkCrt|Win32
	EndGlobalSection
	GlobalSection(ProjectConfigurationPlatforms) = postSolution
		{C2AB1D04-59C0-44E9-8854-5A65662EE561}.Debug|Win32.ActiveCfg = Debug|Win32
		{C2AB1D04-59C0-44E9-8854-5A65662EE561}.Debug|Win32.Build.0 = Debug|Win32
		{C2AB1D04-59C0-44E9-8854-5A65662EE561}.Release|Win32.ActiveCfg = Release|Win32
		{C2AB1D04-59C0-44E9-8854-5A65662EE561}.Release|Win32.Build.0 = Release|Win32
		{C2AB1D04-59C0-44E9-8854-5A65662EE561}.ReleaseWdkCrt|Win32.ActiveCfg = ReleaseWdkCrt|Win32
		{C2AB1D04-59C0-44E9-8854-5A65662EE561}.ReleaseWdkCrt|Win32.Build.0 = ReleaseWdkCrt|Win32
	EndGlobalSection
	GlobalSection(SolutionProperties) = preSolution
		HideSolutionNode = FALSE
	EndGlobalSection
EndGlobal
